
Microsoft Visual Studio Solution File, Format Version 12.00
# Visual Studio Version 16
VisualStudioVersion = 16.0.29613.14
MinimumVisualStudioVersion = 10.0.40219.1
Project("{9A19103F-16F7-4668-BE54-9A1E7A4F7556}") = "ASPCoreRestfulApiDemo", "ASPCoreRestfulApiDemo\ASPCoreRestfulApiDemo.csproj", "{A0503366-BE46-42D2-98A9-2F4A20EBAD3C}"
EndProject
Project("{FAE04EC0-301F-11D3-BF4B-00C04F79EFBC}") = "ASPCoreRestfulApiDemoTests", "ASPCoreRestfulApiDemoTests\ASPCoreRestfulApiDemoTests.csproj", "{75F4DBAC-77E5-4948-AE30-E3EF5A51B5AA}"
EndProject
Global
	GlobalSection(SolutionConfigurationPlatforms) = preSolution
		Debug|Any CPU = Debug|Any CPU
		Release|Any CPU = Release|Any CPU
	EndGlobalSection
	GlobalSection(ProjectConfigurationPlatforms) = postSolution
		{A0503366-BE46-42D2-98A9-2F4A20EBAD3C}.Debug|Any CPU.ActiveCfg = Debug|Any CPU
		{A0503366-BE46-42D2-98A9-2F4A20EBAD3C}.Debug|Any CPU.Build.0 = Debug|Any CPU
		{A0503366-BE46-42D2-98A9-2F4A20EBAD3C}.Release|Any CPU.ActiveCfg = Release|Any CPU
		{A0503366-BE46-42D2-98A9-2F4A20EBAD3C}.Release|Any CPU.Build.0 = Release|Any CPU
		{75F4DBAC-77E5-4948-AE30-E3EF5A51B5AA}.Debug|Any CPU.ActiveCfg = Debug|Any CPU
		{75F4DBAC-77E5-4948-AE30-E3EF5A51B5AA}.Debug|Any CPU.Build.0 = Debug|Any CPU
		{75F4DBAC-77E5-4948-AE30-E3EF5A51B5AA}.Release|Any CPU.ActiveCfg = Release|Any CPU
		{75F4DBAC-77E5-4948-AE30-E3EF5A51B5AA}.Release|Any CPU.Build.0 = Release|Any CPU
	EndGlobalSection
	GlobalSection(SolutionProperties) = preSolution
		HideSolutionNode = FALSE
	EndGlobalSection
	GlobalSection(ExtensibilityGlobals) = postSolution
		SolutionGuid = {8CF0FD24-1469-49D4-A8BB-EBEB2EC01C24}
	EndGlobalSection
EndGlobal
